Microsoft Visual Studio Solution File, Format Version 12.00
# Visual Studio Version 17
VisualStudioVersion = 17.5.2.0
MinimumVisualStudioVersion = 10.0.40219.1
Project("{FAE04EC0-301F-11D3-BF4B-00C04F79EFBC}") = "EditorApp", "EditorApp\EditorApp.csproj", "{BD535333-727E-0C6A-7175-06C3AADB3548}"
EndProject
Global
	GlobalSection(SolutionConfigurationPlatforms) = preSolution
		Debug|Any CPU = Debug|Any CPU
		Release|Any CPU = Release|Any CPU
	EndGlobalSection
	GlobalSection(ProjectConfigurationPlatforms) = postSolution
		{BD535333-727E-0C6A-7175-06C3AADB3548}.Debug|Any CPU.ActiveCfg = Debug|Any CPU
		{BD535333-727E-0C6A-7175-06C3AADB3548}.Debug|Any CPU.Build.0 = Debug|Any CPU
		{BD535333-727E-0C6A-7175-06C3AADB3548}.Release|Any CPU.ActiveCfg = Release|Any CPU
		{BD535333-727E-0C6A-7175-06C3AADB3548}.Release|Any CPU.Build.0 = Release|Any CPU
	EndGlobalSection
	GlobalSection(SolutionProperties) = preSolution
		HideSolutionNode = FALSE
	EndGlobalSection
	GlobalSection(ExtensibilityGlobals) = postSolution
		SolutionGuid = {638A19E8-029F-467E-9A46-46491B871539}
	EndGlobalSection
EndGlobal
